
Microsoft Visual Studio Solution File, Format Version 12.00
# Visual Studio Version 17
VisualStudioVersion = 17.5.002.0
MinimumVisualStudioVersion = 10.0.40219.1
Project("{9A19103F-16F7-4668-BE54-9A1E7A4F7556}") = "BloggApp", "BloggApp.csproj", "{0584C25C-182B-43F0-8F66-76F8A56AAF59}"
EndProject
Global
	GlobalSection(SolutionConfigurationPlatforms) = preSolution
		Debug|Any CPU = Debug|Any CPU
		Release|Any CPU = Release|Any CPU
	EndGlobalSection
	GlobalSection(ProjectConfigurationPlatforms) = postSolution
		{0584C25C-182B-43F0-8F66-76F8A56AAF59}.Debug|Any CPU.ActiveCfg = Debug|Any CPU
		{0584C25C-182B-43F0-8F66-76F8A56AAF59}.Debug|Any CPU.Build.0 = Debug|Any CPU
		{0584C25C-182B-43F0-8F66-76F8A56AAF59}.Release|Any CPU.ActiveCfg = Release|Any CPU
		{0584C25C-182B-43F0-8F66-76F8A56AAF59}.Release|Any CPU.Build.0 = Release|Any CPU
	EndGlobalSection
	GlobalSection(SolutionProperties) = preSolution
		HideSolutionNode = FALSE
	EndGlobalSection
	GlobalSection(ExtensibilityGlobals) = postSolution
		SolutionGuid = {BBEFCB13-FC58-4E47-BABC-1A9A902E1ECF}
	EndGlobalSection
EndGlobal
